
Microsoft Visual Studio Solution File, Format Version 12.00
# Visual Studio Version 17
VisualStudioVersion = 17.9.34728.123
MinimumVisualStudioVersion = 10.0.40219.1
Project("{FAE04EC0-301F-11D3-BF4B-00C04F79EFBC}") = "MobileGestionCegep", "MobileGestionCegep\MobileGestionCegep.csproj", "{6B438D16-04BF-4CBA-A965-3FE5680C49CA}"
EndProject
Global
	GlobalSection(SolutionConfigurationPlatforms) = preSolution
		Debug|Any CPU = Debug|Any CPU
		Release|Any CPU = Release|Any CPU
	EndGlobalSection
	GlobalSection(ProjectConfigurationPlatforms) = postSolution
		{6B438D16-04BF-4CBA-A965-3FE5680C49CA}.Debug|Any CPU.ActiveCfg = Debug|Any CPU
		{6B438D16-04BF-4CBA-A965-3FE5680C49CA}.Debug|Any CPU.Build.0 = Debug|Any CPU
		{6B438D16-04BF-4CBA-A965-3FE5680C49CA}.Debug|Any CPU.Deploy.0 = Debug|Any CPU
		{6B438D16-04BF-4CBA-A965-3FE5680C49CA}.Release|Any CPU.ActiveCfg = Release|Any CPU
		{6B438D16-04BF-4CBA-A965-3FE5680C49CA}.Release|Any CPU.Build.0 = Release|Any CPU
		{6B438D16-04BF-4CBA-A965-3FE5680C49CA}.Release|Any CPU.Deploy.0 = Release|Any CPU
	EndGlobalSection
	GlobalSection(SolutionProperties) = preSolution
		HideSolutionNode = FALSE
	EndGlobalSection
	GlobalSection(ExtensibilityGlobals) = postSolution
		SolutionGuid = {1CCD3A0A-ED60-44C3-AE8F-2342C6DF74EE}
	EndGlobalSection
EndGlobal
